<?xml version="1.0" encoding="utf-8"?>
<Project ToolsVersion="4.0" xmlns="http://schemas.microsoft.com/developer/msbuild/2003">
  <ItemGroup>
    <Filter Include="Source Files">
      <UniqueIdentifier>{4FC737F1-C7A5-4376-A066-2A32D752A2FF}</UniqueIdentifier>
      <Extensions>cpp;c;cc;cxx;def;odl;idl;hpj;bat;asm;asmx</Extensions>
    </Filter>
    <Filter Include="Header Files">
      <UniqueIdentifier>{93995380-89BD-4b04-88EB-625FBE52EBFB}</UniqueIdentifier>
      <Extensions>h;hpp;hxx;hm;inl;inc;xsd</Extensions>
    </Filter>
    <Filter Include="Resource Files">
      <UniqueIdentifier>{67DA6AB6-F800-4c08-8B7A-83BB121AAD01}</UniqueIdentifier>
      <Extensions>rc;ico;cur;bmp;dlg;rc2;rct;bin;rgs;gif;jpg;jpeg;jpe;resx;tiff;tif;png;wav;mfcribbon-ms</Extensions>
    </Filter>
    <Filter Include="Game">
      <UniqueIdentifier>{3afaeefc-5d27-4a4d-b724-3de2775f0809}</UniqueIdentifier>
    </Filter>
    <Filter Include="Game\Interface">
      <UniqueIdentifier>{685f5276-d2b5-4e4a-960f-047b7a03c0df}</UniqueIdentifier>
    </Filter>
    <Filter Include="Game\Public">
      <UniqueIdentifier>{d5cfab37-fd5a-4805-bff1-a2bf3d23bfc6}</UniqueIdentifier>
    </Filter>
    <Filter Include="Game\Command">
      <UniqueIdentifier>{fb5c5812-11de-4ce5-bfa5-c8efe40be323}</UniqueIdentifier>
    </Filter>
    <Filter Include="Game\Scene">
      <UniqueIdentifier>{5aaa20e7-57ae-420d-ad34-18832e4aff39}</UniqueIdentifier>
    </Filter>
    <Filter Include="Game\Manager">
      <UniqueIdentifier>{1684b960-5a5a-427c-8910-401e1c6e1ec3}</UniqueIdentifier>
    </Filter>
  </ItemGroup>
  <ItemGroup>
    <None Include="ReadMe.txt" />
  </ItemGroup>
  <ItemGroup>
    <ClInclude Include="Game\Interface\ICommand.h">
      <Filter>Game\Interface</Filter>
    </ClInclude>
    <ClInclude Include="Game\Interface\IScene.h">
      <Filter>Game\Interface</Filter>
    </ClInclude>
    <ClInclude Include="Game\Command\Command.h">
      <Filter>Game\Command</Filter>
    </ClInclude>
    <ClInclude Include="Game\Public\Define.h">
      <Filter>Game\Public</Filter>
    </ClInclude>
    <ClInclude Include="Game\Manager\CommandManager.h">
      <Filter>Game\Manager</Filter>
    </ClInclude>
    <ClInclude Include="Game\Scene\CommScene.h">
      <Filter>Game\Scene</Filter>
    </ClInclude>
  </ItemGroup>
  <ItemGroup>
    <ClCompile Include="GameMain.cpp">
      <Filter>Source Files</Filter>
    </ClCompile>
    <ClCompile Include="Game\Scene\CommScene.cpp">
      <Filter>Game\Scene</Filter>
    </ClCompile>
  </ItemGroup>
</Project>